
Microsoft Visual Studio Solution File, Format Version 12.00
# Visual Studio Version 17
VisualStudioVersion = 17.13.35931.197
MinimumVisualStudioVersion = 10.0.40219.1
Project("{FAE04EC0-301F-11D3-BF4B-00C04F79EFBC}") = "MyTODO API", "MyTODO_API\MyTODO API.csproj", "{5245B9D5-6418-4804-936B-5CC4A27011FF}"
EndProject
Project("{FAE04EC0-301F-11D3-BF4B-00C04F79EFBC}") = "MyTODO_API.Tests", "MyTODO_API.Tests\MyTODO_API.Tests.csproj", "{4B6BD858-33C0-489F-AE9C-3CFCB44F461B}"
EndProject
Global
	GlobalSection(SolutionConfigurationPlatforms) = preSolution
		Debug|Any CPU = Debug|Any CPU
		Debug|x64 = Debug|x64
		Debug|x86 = Debug|x86
		Release|Any CPU = Release|Any CPU
		Release|x64 = Release|x64
		Release|x86 = Release|x86
	EndGlobalSection
	GlobalSection(ProjectConfigurationPlatforms) = postSolution
		{5245B9D5-6418-4804-936B-5CC4A27011FF}.Debug|Any CPU.ActiveCfg = Debug|Any CPU
		{5245B9D5-6418-4804-936B-5CC4A27011FF}.Debug|Any CPU.Build.0 = Debug|Any CPU
		{5245B9D5-6418-4804-936B-5CC4A27011FF}.Debug|x64.ActiveCfg = Debug|Any CPU
		{5245B9D5-6418-4804-936B-5CC4A27011FF}.Debug|x64.Build.0 = Debug|Any CPU
		{5245B9D5-6418-4804-936B-5CC4A27011FF}.Debug|x86.ActiveCfg = Debug|Any CPU
		{5245B9D5-6418-4804-936B-5CC4A27011FF}.Debug|x86.Build.0 = Debug|Any CPU
		{5245B9D5-6418-4804-936B-5CC4A27011FF}.Release|Any CPU.ActiveCfg = Release|Any CPU
		{5245B9D5-6418-4804-936B-5CC4A27011FF}.Release|Any CPU.Build.0 = Release|Any CPU
		{5245B9D5-6418-4804-936B-5CC4A27011FF}.Release|x64.ActiveCfg = Release|Any CPU
		{5245B9D5-6418-4804-936B-5CC4A27011FF}.Release|x64.Build.0 = Release|Any CPU
		{5245B9D5-6418-4804-936B-5CC4A27011FF}.Release|x86.ActiveCfg = Release|Any CPU
		{5245B9D5-6418-4804-936B-5CC4A27011FF}.Release|x86.Build.0 = Release|Any CPU
		{4B6BD858-33C0-489F-AE9C-3CFCB44F461B}.Debug|Any CPU.ActiveCfg = Debug|Any CPU
		{4B6BD858-33C0-489F-AE9C-3CFCB44F461B}.Debug|Any CPU.Build.0 = Debug|Any CPU
		{4B6BD858-33C0-489F-AE9C-3CFCB44F461B}.Debug|x64.ActiveCfg = Debug|Any CPU
		{4B6BD858-33C0-489F-AE9C-3CFCB44F461B}.Debug|x64.Build.0 = Debug|Any CPU
		{4B6BD858-33C0-489F-AE9C-3CFCB44F461B}.Debug|x86.ActiveCfg = Debug|Any CPU
		{4B6BD858-33C0-489F-AE9C-3CFCB44F461B}.Debug|x86.Build.0 = Debug|Any CPU
		{4B6BD858-33C0-489F-AE9C-3CFCB44F461B}.Release|Any CPU.ActiveCfg = Release|Any CPU
		{4B6BD858-33C0-489F-AE9C-3CFCB44F461B}.Release|Any CPU.Build.0 = Release|Any CPU
		{4B6BD858-33C0-489F-AE9C-3CFCB44F461B}.Release|x64.ActiveCfg = Release|Any CPU
		{4B6BD858-33C0-489F-AE9C-3CFCB44F461B}.Release|x64.Build.0 = Release|Any CPU
		{4B6BD858-33C0-489F-AE9C-3CFCB44F461B}.Release|x86.ActiveCfg = Release|Any CPU
		{4B6BD858-33C0-489F-AE9C-3CFCB44F461B}.Release|x86.Build.0 = Release|Any CPU
	EndGlobalSection
	GlobalSection(SolutionProperties) = preSolution
		HideSolutionNode = FALSE
	EndGlobalSection
	GlobalSection(ExtensibilityGlobals) = postSolution
		SolutionGuid = {66FEB8A8-2988-432F-9639-531C2B0ECF34}
	EndGlobalSection
EndGlobal
